// !$*UTF8*$!
{
	archiveVersion = 1;
	classes = {
	};
	objectVersion = 50;
	objects = {

/* Begin PBXBuildFile section */
		6F18D47023E0B3E00004EB43 /* AppDelegate.swift in Sources */ = {isa = PBXBuildFile; fileRef = 6F18D46F23E0B3E00004EB43 /* AppDelegate.swift */; };
		6F18D47223E0B3E00004EB43 /* SceneDelegate.swift in Sources */ = {isa = PBXBuildFile; fileRef = 6F18D47123E0B3E00004EB43 /* SceneDelegate.swift */; };
		6F18D47423E0B3E00004EB43 /* ContentView.swift in Sources */ = {isa = PBXBuildFile; fileRef = 6F18D47323E0B3E00004EB43 /* ContentView.swift */; };
		6F18D47623E0B3E20004EB43 /* Assets.xcassets in Resources */ = {isa = PBXBuildFile; fileRef = 6F18D47523E0B3E20004EB43 /* Assets.xcassets */; };
		6F18D47923E0B3E20004EB43 /* Preview Assets.xcassets in Resources */ = {isa = PBXBuildFile; fileRef = 6F18D47823E0B3E20004EB43 /* Preview Assets.xcassets */; };
		6F18D47C23E0B3E20004EB43 /* LaunchScreen.storyboard in Resources */ = {isa = PBXBuildFile; fileRef = 6F18D47A23E0B3E20004EB43 /* LaunchScreen.storyboard */; };
		6F18D48723E0B3E20004EB43 /* ButtonTestTests.swift in Sources */ = {isa = PBXBuildFile; fileRef = 6F18D48623E0B3E20004EB43 /* ButtonTestTests.swift */; };
		6F18D49223E0B3E20004EB43 /* ButtonTestUITests.swift in Sources */ = {isa = PBXBuildFile; fileRef = 6F18D49123E0B3E20004EB43 /* ButtonTestUITests.swift */; };
		6FFD179523E230C3004CBD0E /* ViewController.swift in Sources */ = {isa = PBXBuildFile; fileRef = 6FFD179423E230C3004CBD0E /* ViewController.swift */; };
/* End PBXBuildFile section */

/* Begin PBXContainerItemProxy section */
		6F18D48323E0B3E20004EB43 /* PBXContainerItemProxy */ = {
			isa = PBXContainerItemProxy;
			containerPortal = 6F18D46423E0B3E00004EB43 /* Project object */;
			proxyType = 1;
			remoteGlobalIDString = 6F18D46B23E0B3E00004EB43;
			remoteInfo = ButtonTest;
		};
		6F18D48E23E0B3E20004EB43 /* PBXContainerItemProxy */ = {
			isa = PBXContainerItemProxy;
			containerPortal = 6F18D46423E0B3E00004EB43 /* Project object */;
			proxyType = 1;
			remoteGlobalIDString = 6F18D46B23E0B3E00004EB43;
			remoteInfo = ButtonTest;
		};
/* End PBXContainerItemProxy section */

/* Begin PBXFileReference section */
		6F18D46C23E0B3E00004EB43 /* ButtonTest.app */ = {isa = PBXFileReference; explicitFileType = wrapper.application; includeInIndex = 0; path = ButtonTest.app; sourceTree = BUILT_PRODUCTS_DIR; };
		6F18D46F23E0B3E00004EB43 /* AppDelegate.swift */ = {isa = PBXFileReference; lastKnownFileType = sourcecode.swift; path = AppDelegate.swift; sourceTree = "<group>"; };
		6F18D47123E0B3E00004EB43 /* SceneDelegate.swift */ = {isa = PBXFileReference; lastKnownFileType = sourcecode.swift; path = SceneDelegate.swift; sourceTree = "<group>"; };
		6F18D47323E0B3E00004EB43 /* ContentView.swift */ = {isa = PBXFileReference; lastKnownFileType = sourcecode.swift; path = ContentView.swift; sourceTree = "<group>"; };
		6F18D47523E0B3E20004EB43 /* Assets.xcassets */ = {isa = PBXFileReference; lastKnownFileType = folder.assetcatalog; path = Assets.xcassets; sourceTree = "<group>"; };
		6F18D47823E0B3E20004EB43 /* Preview Assets.xcassets */ = {isa = PBXFileReference; lastKnownFileType = folder.assetcatalog; path = "Preview Assets.xcassets"; sourceTree = "<group>"; };
		6F18D47B23E0B3E20004EB43 /* Base */ = {isa = PBXFileReference; lastKnownFileType = file.storyboard; name = Base; path = Base.lproj/LaunchScreen.storyboard; sourceTree = "<group>"; };
		6F18D47D23E0B3E20004EB43 /* Info.plist */ = {isa = PBXFileReference; lastKnownFileType = text.plist.xml; path = Info.plist; sourceTree = "<group>"; };
		6F18D48223E0B3E20004EB43 /* ButtonTestTests.xctest */ = {isa = PBXFileReference; explicitFileType = wrapper.cfbundle; includeInIndex = 0; path = ButtonTestTests.xctest; sourceTree = BUILT_PRODUCTS_DIR; };
		6F18D48623E0B3E20004EB43 /* ButtonTestTests.swift */ = {isa = PBXFileReference; lastKnownFileType = sourcecode.swift; path = ButtonTestTests.swift; sourceTree = "<group>"; };
		6F18D48823E0B3E20004EB43 /* Info.plist */ = {isa = PBXFileReference; lastKnownFileType = text.plist.xml; path = Info.plist; sourceTree = "<group>"; };
		6F18D48D23E0B3E20004EB43 /* ButtonTestUITests.xctest */ = {isa = PBXFileReference; explicitFileType = wrapper.cfbundle; includeInIndex = 0; path = ButtonTestUITests.xctest; sourceTree = BUILT_PRODUCTS_DIR; };
		6F18D49123E0B3E20004EB43 /* ButtonTestUITests.swift */ = {isa = PBXFileReference; lastKnownFileType = sourcecode.swift; path = ButtonTestUITests.swift; sourceTree = "<group>"; };
		6F18D49323E0B3E20004EB43 /* Info.plist */ = {isa = PBXFileReference; lastKnownFileType = text.plist.xml; path = Info.plist; sourceTree = "<group>"; };
		6FFD179423E230C3004CBD0E /* ViewController.swift */ = {isa = PBXFileReference; lastKnownFileType = sourcecode.swift; path = ViewController.swift; sourceTree = "<group>"; };
/* End PBXFileReference section */

/* Begin PBXFrameworksBuildPhase section */
		6F18D46923E0B3E00004EB43 /* Frameworks */ = {
			isa = PBXFrameworksBuildPhase;
			buildActionMask = 2147483647;
			files = (
			);
			runOnlyForDeploymentPostprocessing = 0;
		};
		6F18D47F23E0B3E20004EB43 /* Frameworks */ = {
			isa = PBXFrameworksBuildPhase;
			buildActionMask = 2147483647;
			files = (
			);
			runOnlyForDeploymentPostprocessing = 0;
		};
		6F18D48A23E0B3E20004EB43 /* Frameworks */ = {
			isa = PBXFrameworksBuildPhase;
			buildActionMask = 2147483647;
			files = (
			);
			runOnlyForDeploymentPostprocessing = 0;
		};
/* End PBXFrameworksBuildPhase section */

/* Begin PBXGroup section */
		6F18D46323E0B3E00004EB43 = {
			isa = PBXGroup;
			children = (
				6F18D46E23E0B3E00004EB43 /* ButtonTest */,
				6F18D48523E0B3E20004EB43 /* ButtonTestTests */,
				6F18D49023E0B3E20004EB43 /* ButtonTestUITests */,
				6F18D46D23E0B3E00004EB43 /* Products */,
			);
			sourceTree = "<group>";
		};
		6F18D46D23E0B3E00004EB43 /* Products */ = {
			isa = PBXGroup;
			children = (
				6F18D46C23E0B3E00004EB43 /* ButtonTest.app */,
				6F18D48223E0B3E20004EB43 /* ButtonTestTests.xctest */,
				6F18D48D23E0B3E20004EB43 /* ButtonTestUITests.xctest */,
			);
			name = Products;
			sourceTree = "<group>";
		};
		6F18D46E23E0B3E00004EB43 /* ButtonTest */ = {
			isa = PBXGroup;
			children = (
				6F18D46F23E0B3E00004EB43 /* AppDelegate.swift */,
				6F18D47123E0B3E00004EB43 /* SceneDelegate.swift */,
				6F18D47323E0B3E00004EB43 /* ContentView.swift */,
				6FFD179423E230C3004CBD0E /* ViewController.swift */,
				6F18D47523E0B3E20004EB43 /* Assets.xcassets */,
				6F18D47A23E0B3E20004EB43 /* LaunchScreen.storyboard */,
				6F18D47D23E0B3E20004EB43 /* Info.plist */,
				6F18D47723E0B3E20004EB43 /* Preview Content */,
			);
			path = ButtonTest;
			sourceTree = "<group>";
		};
		6F18D47723E0B3E20004EB43 /* Preview Content */ = {
			isa = PBXGroup;
			children = (
				6F18D47823E0B3E20004EB43 /* Preview Assets.xcassets */,
			);
			path = "Preview Content";
			sourceTree = "<group>";
		};
		6F18D48523E0B3E20004EB43 /* ButtonTestTests */ = {
			isa = PBXGroup;
			children = (
				6F18D48623E0B3E20004EB43 /* ButtonTestTests.swift */,
				6F18D48823E0B3E20004EB43 /* Info.plist */,
			);
			path = ButtonTestTests;
			sourceTree = "<group>";
		};
		6F18D49023E0B3E20004EB43 /* ButtonTestUITests */ = {
			isa = PBXGroup;
			children = (
				6F18D49123E0B3E20004EB43 /* ButtonTestUITests.swift */,
				6F18D49323E0B3E20004EB43 /* Info.plist */,
			);
			path = ButtonTestUITests;
			sourceTree = "<group>";
		};
/* End PBXGroup section */

/* Begin PBXNativeTarget section */
		6F18D46B23E0B3E00004EB43 /* ButtonTest */ = {
			isa = PBXNativeTarget;
			buildConfigurationList = 6F18D49623E0B3E20004EB43 /* Build configuration list for PBXNativeTarget "ButtonTest" */;
			buildPhases = (
				6F18D46823E0B3E00004EB43 /* Sources */,
				6F18D46923E0B3E00004EB43 /* Frameworks */,
				6F18D46A23E0B3E00004EB43 /* Resources */,
			);
			buildRules = (
			);
			dependencies = (
			);
			name = ButtonTest;
			productName = ButtonTest;
			productReference = 6F18D46C23E0B3E00004EB43 /* ButtonTest.app */;
			productType = "com.apple.product-type.application";
		};
		6F18D48123E0B3E20004EB43 /* ButtonTestTests */ = {
			isa = PBXNativeTarget;
			buildConfigurationList = 6F18D49923E0B3E20004EB43 /* Build configuration list for PBXNativeTarget "ButtonTestTests" */;
			buildPhases = (
				6F18D47E23E0B3E20004EB43 /* Sources */,
				6F18D47F23E0B3E20004EB43 /* Frameworks */,
				6F18D48023E0B3E20004EB43 /* Resources */,
			);
			buildRules = (
			);
			dependencies = (
				6F18D48423E0B3E20004EB43 /* PBXTargetDependency */,
			);
			name = ButtonTestTests;
			productName = ButtonTestTests;
			productReference = 6F18D48223E0B3E20004EB43 /* ButtonTestTests.xctest */;
			productType = "com.apple.product-type.bundle.unit-test";
		};
		6F18D48C23E0B3E20004EB43 /* ButtonTestUITests */ = {
			isa = PBXNativeTarget;
			buildConfigurationList = 6F18D49C23E0B3E20004EB43 /* Build configuration list for PBXNativeTarget "ButtonTestUITests" */;
			buildPhases = (
				6F18D48923E0B3E20004EB43 /* Sources */,
				6F18D48A23E0B3E20004EB43 /* Frameworks */,
				6F18D48B23E0B3E20004EB43 /* Resources */,
			);
			buildRules = (
			);
			dependencies = (
				6F18D48F23E0B3E20004EB43 /* PBXTargetDependency */,
			);
			name = ButtonTestUITests;
			productName = ButtonTestUITests;
			productReference = 6F18D48D23E0B3E20004EB43 /* ButtonTestUITests.xctest */;
			productType = "com.apple.product-type.bundle.ui-testing";
		};
/* End PBXNativeTarget section */

/* Begin PBXProject section */
		6F18D46423E0B3E00004EB43 /* Project object */ = {
			isa = PBXProject;
			attributes = {
				LastSwiftUpdateCheck = 1130;
				LastUpgradeCheck = 1130;
				ORGANIZATIONNAME = Alex;
				TargetAttributes = {
					6F18D46B23E0B3E00004EB43 = {
						CreatedOnToolsVersion = 11.3.1;
					};
					6F18D48123E0B3E20004EB43 = {
						CreatedOnToolsVersion = 11.3.1;
						TestTargetID = 6F18D46B23E0B3E00004EB43;
					};
					6F18D48C23E0B3E20004EB43 = {
						CreatedOnToolsVersion = 11.3.1;
						TestTargetID = 6F18D46B23E0B3E00004EB43;
					};
				};
			};
			buildConfigurationList = 6F18D46723E0B3E00004EB43 /* Build configuration list for PBXProject "ButtonTest" */;
			compatibilityVersion = "Xcode 9.3";
			developmentRegion = en;
			hasScannedForEncodings = 0;
			knownRegions = (
				en,
				Base,
			);
			mainGroup = 6F18D46323E0B3E00004EB43;
			productRefGroup = 6F18D46D23E0B3E00004EB43 /* Products */;
			projectDirPath = "";
			projectRoot = "";
			targets = (
				6F18D46B23E0B3E00004EB43 /* ButtonTest */,
				6F18D48123E0B3E20004EB43 /* ButtonTestTests */,
				6F18D48C23E0B3E20004EB43 /* ButtonTestUITests */,
			);
		};
/* End PBXProject section */

/* Begin PBXResourcesBuildPhase section */
		6F18D46A23E0B3E00004EB43 /* Resources */ = {
			isa = PBXResourcesBuildPhase;
			buildActionMask = 2147483647;
			files = (
				6F18D47C23E0B3E20004EB43 /* LaunchScreen.storyboard in Resources */,
				6F18D47923E0B3E20004EB43 /* Preview Assets.xcassets in Resources */,
				6F18D47623E0B3E20004EB43 /* Assets.xcassets in Resources */,
			);
			runOnlyForDeploymentPostprocessing = 0;
		};
		6F18D48023E0B3E20004EB43 /* Resources */ = {
			isa = PBXResourcesBuildPhase;
			buildActionMask = 2147483647;
			files = (
			);
			runOnlyForDeploymentPostprocessing = 0;
		};
		6F18D48B23E0B3E20004EB43 /* Resources */ = {
			isa = PBXResourcesBuildPhase;
			buildActionMask = 2147483647;
			files = (
			);
			runOnlyForDeploymentPostprocessing = 0;
		};
/* End PBXResourcesBuildPhase section */

/* Begin PBXSourcesBuildPhase section */
		6F18D46823E0B3E00004EB43 /* Sources */ = {
			isa = PBXSourcesBuildPhase;
			buildActionMask = 2147483647;
			files = (
				6F18D47023E0B3E00004EB43 /* AppDelegate.swift in Sources */,
				6F18D47223E0B3E00004EB43 /* SceneDelegate.swift in Sources */,
				6FFD179523E230C3004CBD0E /* ViewController.swift in Sources */,
				6F18D47423E0B3E00004EB43 /* ContentView.swift in Sources */,
			);
			runOnlyForDeploymentPostprocessing = 0;
		};
		6F18D47E23E0B3E20004EB43 /* Sources */ = {
			isa = PBXSourcesBuildPhase;
			buildActionMask = 2147483647;
			files = (
				6F18D48723E0B3E20004EB43 /* ButtonTestTests.swift in Sources */,
			);
			runOnlyForDeploymentPostprocessing = 0;
		};
		6F18D48923E0B3E20004EB43 /* Sources */ = {
			isa = PBXSourcesBuildPhase;
			buildActionMask = 2147483647;
			files = (
				6F18D49223E0B3E20004EB43 /* ButtonTestUITests.swift in Sources */,
			);
			runOnlyForDeploymentPostprocessing = 0;
		};
/* End PBXSourcesBuildPhase section */

/* Begin PBXTargetDependency section */
		6F18D48423E0B3E20004EB43 /* PBXTargetDependency */ = {
			isa = PBXTargetDependency;
			target = 6F18D46B23E0B3E00004EB43 /* ButtonTest */;
			targetProxy = 6F18D48323E0B3E20004EB43 /* PBXContainerItemProxy */;
		};
		6F18D48F23E0B3E20004EB43 /* PBXTargetDependency */ = {
			isa = PBXTargetDependency;
			target = 6F18D46B23E0B3E00004EB43 /* ButtonTest */;
			targetProxy = 6F18D48E23E0B3E20004EB43 /* PBXContainerItemProxy */;
		};
/* End PBXTargetDependency section */

/* Begin PBXVariantGroup section */
		6F18D47A23E0B3E20004EB43 /* LaunchScreen.storyboard */ = {
			isa = PBXVariantGroup;
			children = (
				6F18D47B23E0B3E20004EB43 /* Base */,
			);
			name = LaunchScreen.storyboard;
			sourceTree = "<group>";
		};
/* End PBXVariantGroup section */

/* Begin XCBuildConfiguration section */
		6F18D49423E0B3E20004EB43 /* Debug */ = {
			isa = XCBuildConfiguration;
			buildSettings = {
				ALWAYS_SEARCH_USER_PATHS = NO;
				CLANG_ANALYZER_NONNULL = YES;
				CLANG_ANALYZER_NUMBER_OBJECT_CONVERSION = YES_AGGRESSIVE;
				CLANG_CXX_LANGUAGE_STANDARD = "gnu++14";
				CLANG_CXX_LIBRARY = "libc++";
				CLANG_ENABLE_MODULES = YES;
				CLANG_ENABLE_OBJC_ARC = YES;
				CLANG_ENABLE_OBJC_WEAK = YES;
				CLANG_WARN_BLOCK_CAPTURE_AUTORELEASING = YES;
				CLANG_WARN_BOOL_CONVERSION = YES;
				CLANG_WARN_COMMA = YES;
				CLANG_WARN_CONSTANT_CONVERSION = YES;
				CLANG_WARN_DEPRECATED_OBJC_IMPLEMENTATIONS = YES;
				CLANG_WARN_DIRECT_OBJC_ISA_USAGE = YES_ERROR;
				CLANG_WARN_DOCUMENTATION_COMMENTS = YES;
				CLANG_WARN_EMPTY_BODY = YES;
				CLANG_WARN_ENUM_CONVERSION = YES;
				CLANG_WARN_INFINITE_RECURSION = YES;
				CLANG_WARN_INT_CONVERSION = YES;
				CLANG_WARN_NON_LITERAL_NULL_CONVERSION = YES;
				CLANG_WARN_OBJC_IMPLICIT_RETAIN_SELF = YES;
				CLANG_WARN_OBJC_LITERAL_CONVERSION = YES;
				CLANG_WARN_OBJC_ROOT_CLASS = YES_ERROR;
				CLANG_WARN_RANGE_LOOP_ANALYSIS = YES;
				CLANG_WARN_STRICT_PROTOTYPES = YES;
				CLANG_WARN_SUSPICIOUS_MOVE = YES;
				CLANG_WARN_UNGUARDED_AVAILABILITY = YES_AGGRESSIVE;
				CLANG_WARN_UNREACHABLE_CODE = YES;
				CLANG_WARN__DUPLICATE_METHOD_MATCH = YES;
				COPY_PHASE_STRIP = NO;
				DEBUG_INFORMATION_FORMAT = dwarf;
				ENABLE_STRICT_OBJC_MSGSEND = YES;
				ENABLE_TESTABILITY = YES;
				GCC_C_LANGUAGE_STANDARD = gnu11;
				GCC_DYNAMIC_NO_PIC = NO;
				GCC_NO_COMMON_BLOCKS = YES;
				GCC_OPTIMIZATION_LEVEL = 0;
				GCC_PREPROCESSOR_DEFINITIONS = (
					"DEBUG=1",
					"$(inherited)",
				);
				GCC_WARN_64_TO_32_BIT_CONVERSION = YES;
				GCC_WARN_ABOUT_RETURN_TYPE = YES_ERROR;
				GCC_WARN_UNDECLARED_SELECTOR = YES;
				GCC_WARN_UNINITIALIZED_AUTOS = YES_AGGRESSIVE;
				GCC_WARN_UNUSED_FUNCTION = YES;
				GCC_WARN_UNUSED_VARIABLE = YES;
				IPHONEOS_DEPLOYMENT_TARGET = 13.2;
				MTL_ENABLE_DEBUG_INFO = INCLUDE_SOURCE;
				MTL_FAST_MATH = YES;
				ONLY_ACTIVE_ARCH = YES;
				SDKROOT = iphoneos;
				SWIFT_ACTIVE_COMPILATION_CONDITIONS = DEBUG;
				SWIFT_OPTIMIZATION_LEVEL = "-Onone";
			};
			name = Debug;
		};
		6F18D49523E0B3E20004EB43 /* Release */ = {
			isa = XCBuildConfiguration;
			buildSettings = {
				ALWAYS_SEARCH_USER_PATHS = NO;
				CLANG_ANALYZER_NONNULL = YES;
				CLANG_ANALYZER_NUMBER_OBJECT_CONVERSION = YES_AGGRESSIVE;
				CLANG_CXX_LANGUAGE_STANDARD = "gnu++14";
				CLANG_CXX_LIBRARY = "libc++";
				CLANG_ENABLE_MODULES = YES;
				CLANG_ENABLE_OBJC_ARC = YES;
				CLANG_ENABLE_OBJC_WEAK = YES;
				CLANG_WARN_BLOCK_CAPTURE_AUTORELEASING = YES;
				CLANG_WARN_BOOL_CONVERSION = YES;
				CLANG_WARN_COMMA = YES;
				CLANG_WARN_CONSTANT_CONVERSION = YES;
				CLANG_WARN_DEPRECATED_OBJC_IMPLEMENTATIONS = YES;
				CLANG_WARN_DIRECT_OBJC_ISA_USAGE = YES_ERROR;
				CLANG_WARN_DOCUMENTATION_COMMENTS = YES;
				CLANG_WARN_EMPTY_BODY = YES;
				CLANG_WARN_ENUM_CONVERSION = YES;
				CLANG_WARN_INFINITE_RECURSION = YES;
				CLANG_WARN_INT_CONVERSION = YES;
				CLANG_WARN_NON_LITERAL_NULL_CONVERSION = YES;
				CLANG_WARN_OBJC_IMPLICIT_RETAIN_SELF = YES;
				CLANG_WARN_OBJC_LITERAL_CONVERSION = YES;
				CLANG_WARN_OBJC_ROOT_CLASS = YES_ERROR;
				CLANG_WARN_RANGE_LOOP_ANALYSIS = YES;
				CLANG_WARN_STRICT_PROTOTYPES = YES;
				CLANG_WARN_SUSPICIOUS_MOVE = YES;
				CLANG_WARN_UNGUARDED_AVAILABILITY = YES_AGGRESSIVE;
				CLANG_WARN_UNREACHABLE_CODE = YES;
				CLANG_WARN__DUPLICATE_METHOD_MATCH = YES;
				COPY_PHASE_STRIP = NO;
				DEBUG_INFORMATION_FORMAT = "dwarf-with-dsym";
				ENABLE_NS_ASSERTIONS = NO;
				ENABLE_STRICT_OBJC_MSGSEND = YES;
				GCC_C_LANGUAGE_STANDARD = gnu11;
				GCC_NO_COMMON_BLOCKS = YES;
				GCC_WARN_64_TO_32_BIT_CONVERSION = YES;
				GCC_WARN_ABOUT_RETURN_TYPE = YES_ERROR;
				GCC_WARN_UNDECLARED_SELECTOR = YES;
				GCC_WARN_UNINITIALIZED_AUTOS = YES_AGGRESSIVE;
				GCC_WARN_UNUSED_FUNCTION = YES;
				GCC_WARN_UNUSED_VARIABLE = YES;
				IPHONEOS_DEPLOYMENT_TARGET = 13.2;
				MTL_ENABLE_DEBUG_INFO = NO;
				MTL_FAST_MATH = YES;
				SDKROOT = iphoneos;
				SWIFT_COMPILATION_MODE = wholemodule;
				SWIFT_OPTIMIZATION_LEVEL = "-O";
				VALIDATE_PRODUCT = YES;
			};
			name = Release;
		};
		6F18D49723E0B3E20004EB43 /* Debug */ = {
			isa = XCBuildConfiguration;
			buildSettings = {
				ASSETCATALOG_COMPILER_APPICON_NAME = AppIcon;
				CODE_SIGN_STYLE = Automatic;
				DEVELOPMENT_ASSET_PATHS = "\"ButtonTest/Preview Content\"";
				ENABLE_PREVIEWS = YES;
				INFOPLIST_FILE = ButtonTest/Info.plist;
				LD_RUNPATH_SEARCH_PATHS = (
					"$(inherited)",
					"@executable_path/Frameworks",
				);
				PRODUCT_BUNDLE_IDENTIFIER = Alex.ButtonTest;
				PRODUCT_NAME = "$(TARGET_NAME)";
				SWIFT_VERSION = 5.0;
				TARGETED_DEVICE_FAMILY = "1,2";
			};
			name = Debug;
		};
		6F18D49823E0B3E20004EB43 /* Release */ = {
			isa = XCBuildConfiguration;
			buildSettings = {
				ASSETCATALOG_COMPILER_APPICON_NAME = AppIcon;
				CODE_SIGN_STYLE = Automatic;
				DEVELOPMENT_ASSET_PATHS = "\"ButtonTest/Preview Content\"";
				ENABLE_PREVIEWS = YES;
				INFOPLIST_FILE = ButtonTest/Info.plist;
				LD_RUNPATH_SEARCH_PATHS = (
					"$(inherited)",
					"@executable_path/Frameworks",
				);
				PRODUCT_BUNDLE_IDENTIFIER = Alex.ButtonTest;
				PRODUCT_NAME = "$(TARGET_NAME)";
				SWIFT_VERSION = 5.0;
				TARGETED_DEVICE_FAMILY = "1,2";
			};
			name = Release;
		};
		6F18D49A23E0B3E20004EB43 /* Debug */ = {
			isa = XCBuildConfiguration;
			buildSettings = {
				ALWAYS_EMBED_SWIFT_STANDARD_LIBRARIES = YES;
				BUNDLE_LOADER = "$(TEST_HOST)";
				CODE_SIGN_STYLE = Automatic;
				INFOPLIST_FILE = ButtonTestTests/Info.plist;
				IPHONEOS_DEPLOYMENT_TARGET = 13.2;
				LD_RUNPATH_SEARCH_PATHS = (
					"$(inherited)",
					"@executable_path/Frameworks",
					"@loader_path/Frameworks",
				);
				PRODUCT_BUNDLE_IDENTIFIER = Alex.ButtonTestTests;
				PRODUCT_NAME = "$(TARGET_NAME)";
				SWIFT_VERSION = 5.0;
				TARGETED_DEVICE_FAMILY = "1,2";
				TEST_HOST = "$(BUILT_PRODUCTS_DIR)/ButtonTest.app/ButtonTest";
			};
			name = Debug;
		};
		6F18D49B23E0B3E20004EB43 /* Release */ = {
			isa = XCBuildConfiguration;
			buildSettings = {
				ALWAYS_EMBED_SWIFT_STANDARD_LIBRARIES = YES;
				BUNDLE_LOADER = "$(TEST_HOST)";
				CODE_SIGN_STYLE = Automatic;
				INFOPLIST_FILE = ButtonTestTests/Info.plist;
				IPHONEOS_DEPLOYMENT_TARGET = 13.2;
				LD_RUNPATH_SEARCH_PATHS = (
					"$(inherited)",
					"@executable_path/Frameworks",
					"@loader_path/Frameworks",
				);
				PRODUCT_BUNDLE_IDENTIFIER = Alex.ButtonTestTests;
				PRODUCT_NAME = "$(TARGET_NAME)";
				SWIFT_VERSION = 5.0;
				TARGETED_DEVICE_FAMILY = "1,2";
				TEST_HOST = "$(BUILT_PRODUCTS_DIR)/ButtonTest.app/ButtonTest";
			};
			name = Release;
		};
		6F18D49D23E0B3E20004EB43 /* Debug */ = {
			isa = XCBuildConfiguration;
			buildSettings = {
				ALWAYS_EMBED_SWIFT_STANDARD_LIBRARIES = YES;
				CODE_SIGN_STYLE = Automatic;
				INFOPLIST_FILE = ButtonTestUITests/Info.plist;
				LD_RUNPATH_SEARCH_PATHS = (
					"$(inherited)",
					"@executable_path/Frameworks",
					"@loader_path/Frameworks",
				);
				PRODUCT_BUNDLE_IDENTIFIER = Alex.ButtonTestUITests;
				PRODUCT_NAME = "$(TARGET_NAME)";
				SWIFT_VERSION = 5.0;
				TARGETED_DEVICE_FAMILY = "1,2";
				TEST_TARGET_NAME = ButtonTest;
			};
			name = Debug;
		};
		6F18D49E23E0B3E20004EB43 /* Release */ = {
			isa = XCBuildConfiguration;
			buildSettings = {
				ALWAYS_EMBED_SWIFT_STANDARD_LIBRARIES = YES;
				CODE_SIGN_STYLE = Automatic;
				INFOPLIST_FILE = ButtonTestUITests/Info.plist;
				LD_RUNPATH_SEARCH_PATHS = (
					"$(inherited)",
					"@executable_path/Frameworks",
					"@loader_path/Frameworks",
				);
				PRODUCT_BUNDLE_IDENTIFIER = Alex.ButtonTestUITests;
				PRODUCT_NAME = "$(TARGET_NAME)";
				SWIFT_VERSION = 5.0;
				TARGETED_DEVICE_FAMILY = "1,2";
				TEST_TARGET_NAME = ButtonTest;
			};
			name = Release;
		};
/* End XCBuildConfiguration section */

/* Begin XCConfigurationList section */
		6F18D46723E0B3E00004EB43 /* Build configuration list for PBXProject "ButtonTest" */ = {
			isa = XCConfigurationList;
			buildConfigurations = (
				6F18D49423E0B3E20004EB43 /* Debug */,
				6F18D49523E0B3E20004EB43 /* Release */,
			);
			defaultConfigurationIsVisible = 0;
			defaultConfigurationName = Release;
		};
		6F18D49623E0B3E20004EB43 /* Build configuration list for PBXNativeTarget "ButtonTest" */ = {
			isa = XCConfigurationList;
			buildConfigurations = (
				6F18D49723E0B3E20004EB43 /* Debug */,
				6F18D49823E0B3E20004EB43 /* Release */,
			);
			defaultConfigurationIsVisible = 0;
			defaultConfigurationName = Release;
		};
		6F18D49923E0B3E20004EB43 /* Build configuration list for PBXNativeTarget "ButtonTestTests" */ = {
			isa = XCConfigurationList;
			buildConfigurations = (
				6F18D49A23E0B3E20004EB43 /* Debug */,
				6F18D49B23E0B3E20004EB43 /* Release */,
			);
			defaultConfigurationIsVisible = 0;
			defaultConfigurationName = Release;
		};
		6F18D49C23E0B3E20004EB43 /* Build configuration list for PBXNativeTarget "ButtonTestUITests" */ = {
			isa = XCConfigurationList;
			buildConfigurations = (
				6F18D49D23E0B3E20004EB43 /* Debug */,
				6F18D49E23E0B3E20004EB43 /* Release */,
			);
			defaultConfigurationIsVisible = 0;
			defaultConfigurationName = Release;
		};
/* End XCConfigurationList section */
	};
	rootObject = 6F18D46423E0B3E00004EB43 /* Project object */;
}
